
Microsoft Visual Studio Solution File, Format Version 12.00
# Visual Studio 2013
VisualStudioVersion = 12.0.31101.0
MinimumVisualStudioVersion = 10.0.40219.1
Project("{FAE04EC0-301F-11D3-BF4B-00C04F79EFBC}") = "MMG-PIAPS", "MMG-PIAPS\MMG-PIAPS.csproj", "{A7E7DD5E-7231-4355-9B76-6589A50DD7F0}"
EndProject
Project("{6141683F-8A12-4E36-9623-2EB02B2C2303}") = "MMG-Cooperative Solution", "MMG-Cooperative Solution\MMG-Cooperative Solution.isproj", "{9B6AA62B-527F-4EBB-95E7-670F31AA0188}"
	ProjectSection(ProjectDependencies) = postProject
		{A7E7DD5E-7231-4355-9B76-6589A50DD7F0} = {A7E7DD5E-7231-4355-9B76-6589A50DD7F0}
	EndProjectSection
EndProject
Global
	GlobalSection(SolutionConfigurationPlatforms) = preSolution
		CD_ROM|Any CPU = CD_ROM|Any CPU
		Debug|Any CPU = Debug|Any CPU
		DVD-5|Any CPU = DVD-5|Any CPU
		Release|Any CPU = Release|Any CPU
		SingleImage|Any CPU = SingleImage|Any CPU
	EndGlobalSection
	GlobalSection(ProjectConfigurationPlatforms) = postSolution
		{A7E7DD5E-7231-4355-9B76-6589A50DD7F0}.CD_ROM|Any CPU.ActiveCfg = Release|Any CPU
		{A7E7DD5E-7231-4355-9B76-6589A50DD7F0}.CD_ROM|Any CPU.Build.0 = Release|Any CPU
		{A7E7DD5E-7231-4355-9B76-6589A50DD7F0}.Debug|Any CPU.ActiveCfg = Debug|Any CPU
		{A7E7DD5E-7231-4355-9B76-6589A50DD7F0}.Debug|Any CPU.Build.0 = Debug|Any CPU
		{A7E7DD5E-7231-4355-9B76-6589A50DD7F0}.DVD-5|Any CPU.ActiveCfg = Debug|Any CPU
		{A7E7DD5E-7231-4355-9B76-6589A50DD7F0}.DVD-5|Any CPU.Build.0 = Debug|Any CPU
		{A7E7DD5E-7231-4355-9B76-6589A50DD7F0}.Release|Any CPU.ActiveCfg = Release|Any CPU
		{A7E7DD5E-7231-4355-9B76-6589A50DD7F0}.Release|Any CPU.Build.0 = Release|Any CPU
		{A7E7DD5E-7231-4355-9B76-6589A50DD7F0}.SingleImage|Any CPU.ActiveCfg = Release|Any CPU
		{A7E7DD5E-7231-4355-9B76-6589A50DD7F0}.SingleImage|Any CPU.Build.0 = Release|Any CPU
		{9B6AA62B-527F-4EBB-95E7-670F31AA0188}.CD_ROM|Any CPU.ActiveCfg = CD_ROM
		{9B6AA62B-527F-4EBB-95E7-670F31AA0188}.CD_ROM|Any CPU.Build.0 = CD_ROM
		{9B6AA62B-527F-4EBB-95E7-670F31AA0188}.Debug|Any CPU.ActiveCfg = DVD-5
		{9B6AA62B-527F-4EBB-95E7-670F31AA0188}.Debug|Any CPU.Build.0 = DVD-5
		{9B6AA62B-527F-4EBB-95E7-670F31AA0188}.DVD-5|Any CPU.ActiveCfg = DVD-5
		{9B6AA62B-527F-4EBB-95E7-670F31AA0188}.DVD-5|Any CPU.Build.0 = DVD-5
		{9B6AA62B-527F-4EBB-95E7-670F31AA0188}.Release|Any CPU.ActiveCfg = SingleImage
		{9B6AA62B-527F-4EBB-95E7-670F31AA0188}.Release|Any CPU.Build.0 = SingleImage
		{9B6AA62B-527F-4EBB-95E7-670F31AA0188}.SingleImage|Any CPU.ActiveCfg = SingleImage
		{9B6AA62B-527F-4EBB-95E7-670F31AA0188}.SingleImage|Any CPU.Build.0 = SingleImage
	EndGlobalSection
	GlobalSection(SolutionProperties) = preSolution
		HideSolutionNode = FALSE
	EndGlobalSection
EndGlobal
